// !$*UTF8*$!
{
	archiveVersion = 1;
	classes = {
	};
	objectVersion = 46;
	objects = {

/* Begin PBXBuildFile section */
		19F64538A51B21BF99599F15 /* vipuser.grpc.pb.cc in Sources */ = {isa = PBXBuildFile; fileRef = E9FE7761F40B1388E6CD554F /* vipuser.grpc.pb.cc */; };
		2016DE795E8FD516D7FDFD12 /* vipuser_client.cc in Sources */ = {isa = PBXBuildFile; fileRef = 3347FA8A3813FBC386C56303 /* vipuser_client.cc */; };
		580F3B7C3CEB2831AA691C0E /* VPDVipUserClientWrap+Private.mm in Sources */ = {isa = PBXBuildFile; fileRef = 7507D237DF74FBADEF65B21C /* VPDVipUserClientWrap+Private.mm */; };
		739BDAE64007C93A8F87431E /* VPDAccountInfo.mm in Sources */ = {isa = PBXBuildFile; fileRef = D7AF1BF949D4621AFFE6F5AC /* VPDAccountInfo.mm */; };
		8F7382938AD09F77D69623D1 /* VPDTokenInfo+Private.mm in Sources */ = {isa = PBXBuildFile; fileRef = 126747A252C024A04AC6E527 /* VPDTokenInfo+Private.mm */; };
		9082BB77FCE7FC699FA9EE83 /* VPDReplyResult+Private.mm in Sources */ = {isa = PBXBuildFile; fileRef = 357090E6B3E3B2D64EC9AD4E /* VPDReplyResult+Private.mm */; };
		9F739630C960B2B9044694C9 /* VPDAccountInfo+Private.mm in Sources */ = {isa = PBXBuildFile; fileRef = 82BE0F39AEA3B40461FA4DA7 /* VPDAccountInfo+Private.mm */; };
		A4E4A5CC4DFFBD423BE071E9 /* VPDVipUserWrapListener+Private.mm in Sources */ = {isa = PBXBuildFile; fileRef = 5F36FB44C053A2C0F365E5C5 /* VPDVipUserWrapListener+Private.mm */; };
		BAE3ADAA1987C22D33F094D1 /* VPDAccessTicket+Private.mm in Sources */ = {isa = PBXBuildFile; fileRef = E86C60A77B0DF46FC956F1BB /* VPDAccessTicket+Private.mm */; };
		DD814933EB30394DF86E893D /* VPDAccessTicket.mm in Sources */ = {isa = PBXBuildFile; fileRef = E9D40D68951CD3F9A557C077 /* VPDAccessTicket.mm */; };
		E4114CB21C52C401DA01218C /* vipuser.pb.cc in Sources */ = {isa = PBXBuildFile; fileRef = DE0633A5F11701438A2C3DCC /* vipuser.pb.cc */; };
		FB92A6C1061F3A165ABE2C4F /* VPDTokenInfo.mm in Sources */ = {isa = PBXBuildFile; fileRef = 056357DA2BA2DD859D71F52E /* VPDTokenInfo.mm */; };
		FF79FB9C5C63CE4FAFE8BCE3 /* VPDReplyResult.mm in Sources */ = {isa = PBXBuildFile; fileRef = 61C5AA46B8BBE602A78C6EA6 /* VPDReplyResult.mm */; };
/* End PBXBuildFile section */

/* Begin PBXFileReference section */
		056357DA2BA2DD859D71F52E /* VPDTokenInfo.mm */ = {isa = PBXFileReference; lastKnownFileType = sourcecode.cpp.objcpp; path = VPDTokenInfo.mm; sourceTree = "<group>"; };
		0B351653C325B7DC5D550986 /* libvipuser_objc.a */ = {isa = PBXFileReference; explicitFileType = archive.ar; includeInIndex = 0; path = libvipuser_objc.a; sourceTree = BUILT_PRODUCTS_DIR; };
		126747A252C024A04AC6E527 /* VPDTokenInfo+Private.mm */ = {isa = PBXFileReference; lastKnownFileType = sourcecode.cpp.objcpp; path = "VPDTokenInfo+Private.mm"; sourceTree = "<group>"; };
		3347FA8A3813FBC386C56303 /* vipuser_client.cc */ = {isa = PBXFileReference; lastKnownFileType = sourcecode.cpp.cpp; path = vipuser_client.cc; sourceTree = "<group>"; };
		357090E6B3E3B2D64EC9AD4E /* VPDReplyResult+Private.mm */ = {isa = PBXFileReference; lastKnownFileType = sourcecode.cpp.objcpp; path = "VPDReplyResult+Private.mm"; sourceTree = "<group>"; };
		5F36FB44C053A2C0F365E5C5 /* VPDVipUserWrapListener+Private.mm */ = {isa = PBXFileReference; lastKnownFileType = sourcecode.cpp.objcpp; path = "VPDVipUserWrapListener+Private.mm"; sourceTree = "<group>"; };
		61C5AA46B8BBE602A78C6EA6 /* VPDReplyResult.mm */ = {isa = PBXFileReference; lastKnownFileType = sourcecode.cpp.objcpp; path = VPDReplyResult.mm; sourceTree = "<group>"; };
		73A3227DA451B7BEF8856728 /* common.gypi */ = {isa = PBXFileReference; explicitFileType = sourcecode; name = common.gypi; path = ../third_party/djinni/common.gypi; sourceTree = "<group>"; };
		7507D237DF74FBADEF65B21C /* VPDVipUserClientWrap+Private.mm */ = {isa = PBXFileReference; lastKnownFileType = sourcecode.cpp.objcpp; path = "VPDVipUserClientWrap+Private.mm"; sourceTree = "<group>"; };
		82BE0F39AEA3B40461FA4DA7 /* VPDAccountInfo+Private.mm */ = {isa = PBXFileReference; lastKnownFileType = sourcecode.cpp.objcpp; path = "VPDAccountInfo+Private.mm"; sourceTree = "<group>"; };
		D3DB57467C1F77C4B64ACC09 /* vipuser.gyp */ = {isa = PBXFileReference; explicitFileType = sourcecode; path = vipuser.gyp; sourceTree = "<group>"; };
		D7AF1BF949D4621AFFE6F5AC /* VPDAccountInfo.mm */ = {isa = PBXFileReference; lastKnownFileType = sourcecode.cpp.objcpp; path = VPDAccountInfo.mm; sourceTree = "<group>"; };
		DE0633A5F11701438A2C3DCC /* vipuser.pb.cc */ = {isa = PBXFileReference; lastKnownFileType = sourcecode.cpp.cpp; path = vipuser.pb.cc; sourceTree = "<group>"; };
		E86C60A77B0DF46FC956F1BB /* VPDAccessTicket+Private.mm */ = {isa = PBXFileReference; lastKnownFileType = sourcecode.cpp.objcpp; path = "VPDAccessTicket+Private.mm"; sourceTree = "<group>"; };
		E9D40D68951CD3F9A557C077 /* VPDAccessTicket.mm */ = {isa = PBXFileReference; lastKnownFileType = sourcecode.cpp.objcpp; path = VPDAccessTicket.mm; sourceTree = "<group>"; };
		E9FE7761F40B1388E6CD554F /* vipuser.grpc.pb.cc */ = {isa = PBXFileReference; lastKnownFileType = sourcecode.cpp.cpp; path = vipuser.grpc.pb.cc; sourceTree = "<group>"; };
/* End PBXFileReference section */

/* Begin PBXFrameworksBuildPhase section */
		2A77CEF001AE29DC00ADE3AF /* Frameworks */ = {
			isa = PBXFrameworksBuildPhase;
			buildActionMask = 2147483647;
			files = (
			);
			runOnlyForDeploymentPostprocessing = 0;
		};
/* End PBXFrameworksBuildPhase section */

/* Begin PBXGroup section */
		10951BAF15CDE73C33241024 /* Source */ = {
			isa = PBXGroup;
			children = (
				D7A7EB0536733A0F1B473FE9 /* .. */,
				D4C2A604FB7E0A8F9CAAEACC /* generated/objc */,
			);
			name = Source;
			sourceTree = "<group>";
		};
		187EAD8A0E62203C9888C53D /* Products */ = {
			isa = PBXGroup;
			children = (
				0B351653C325B7DC5D550986 /* libvipuser_objc.a */,
			);
			name = Products;
			sourceTree = "<group>";
		};
		592E5001A3C16A5DB0342173 = {
			isa = PBXGroup;
			children = (
				10951BAF15CDE73C33241024 /* Source */,
				187EAD8A0E62203C9888C53D /* Products */,
				DBA5515DD9A169FB1A9BF77C /* Build */,
			);
			sourceTree = "<group>";
		};
		D4C2A604FB7E0A8F9CAAEACC /* generated/objc */ = {
			isa = PBXGroup;
			children = (
				E86C60A77B0DF46FC956F1BB /* VPDAccessTicket+Private.mm */,
				E9D40D68951CD3F9A557C077 /* VPDAccessTicket.mm */,
				82BE0F39AEA3B40461FA4DA7 /* VPDAccountInfo+Private.mm */,
				D7AF1BF949D4621AFFE6F5AC /* VPDAccountInfo.mm */,
				357090E6B3E3B2D64EC9AD4E /* VPDReplyResult+Private.mm */,
				61C5AA46B8BBE602A78C6EA6 /* VPDReplyResult.mm */,
				126747A252C024A04AC6E527 /* VPDTokenInfo+Private.mm */,
				056357DA2BA2DD859D71F52E /* VPDTokenInfo.mm */,
				7507D237DF74FBADEF65B21C /* VPDVipUserClientWrap+Private.mm */,
				5F36FB44C053A2C0F365E5C5 /* VPDVipUserWrapListener+Private.mm */,
			);
			path = generated/objc;
			sourceTree = "<group>";
		};
		D7A7EB0536733A0F1B473FE9 /* .. */ = {
			isa = PBXGroup;
			children = (
				DF8D199834CA4FF4B9A79F3D /* client */,
				DE09DE24035309ABDF2F991D /* protos */,
			);
			path = ..;
			sourceTree = "<group>";
		};
		DBA5515DD9A169FB1A9BF77C /* Build */ = {
			isa = PBXGroup;
			children = (
				73A3227DA451B7BEF8856728 /* common.gypi */,
				D3DB57467C1F77C4B64ACC09 /* vipuser.gyp */,
			);
			name = Build;
			sourceTree = "<group>";
		};
		DE09DE24035309ABDF2F991D /* protos */ = {
			isa = PBXGroup;
			children = (
				E9FE7761F40B1388E6CD554F /* vipuser.grpc.pb.cc */,
				DE0633A5F11701438A2C3DCC /* vipuser.pb.cc */,
			);
			path = protos;
			sourceTree = "<group>";
		};
		DF8D199834CA4FF4B9A79F3D /* client */ = {
			isa = PBXGroup;
			children = (
				3347FA8A3813FBC386C56303 /* vipuser_client.cc */,
			);
			path = client;
			sourceTree = "<group>";
		};
/* End PBXGroup section */

/* Begin PBXNativeTarget section */
		4A18AE754E786539938DD9A2 /* libvipuser_objc */ = {
			isa = PBXNativeTarget;
			buildConfigurationList = AE4582A18917F4C735C0C4F2 /* Build configuration list for PBXNativeTarget "libvipuser_objc" */;
			buildPhases = (
				6174DDF6232A0C133875D796 /* Sources */,
				2A77CEF001AE29DC00ADE3AF /* Frameworks */,
			);
			buildRules = (
			);
			dependencies = (
			);
			name = libvipuser_objc;
			productName = vipuser_objc;
			productReference = 0B351653C325B7DC5D550986 /* libvipuser_objc.a */;
			productType = "com.apple.product-type.library.static";
		};
/* End PBXNativeTarget section */

/* Begin PBXProject section */
		52A7592662999F325591C25A /* Project object */ = {
			isa = PBXProject;
			attributes = {
				BuildIndependentTargetsInParallel = YES;
			};
			buildConfigurationList = 2491338CB92FD36E7D9F7E9A /* Build configuration list for PBXProject "vipuser" */;
			compatibilityVersion = "Xcode 3.2";
			hasScannedForEncodings = 1;
			mainGroup = 592E5001A3C16A5DB0342173;
			projectDirPath = "";
			projectRoot = "";
			targets = (
				4A18AE754E786539938DD9A2 /* libvipuser_objc */,
			);
		};
/* End PBXProject section */

/* Begin PBXSourcesBuildPhase section */
		6174DDF6232A0C133875D796 /* Sources */ = {
			isa = PBXSourcesBuildPhase;
			buildActionMask = 2147483647;
			files = (
				2016DE795E8FD516D7FDFD12 /* vipuser_client.cc in Sources */,
				DD814933EB30394DF86E893D /* VPDAccessTicket.mm in Sources */,
				9082BB77FCE7FC699FA9EE83 /* VPDReplyResult+Private.mm in Sources */,
				739BDAE64007C93A8F87431E /* VPDAccountInfo.mm in Sources */,
				A4E4A5CC4DFFBD423BE071E9 /* VPDVipUserWrapListener+Private.mm in Sources */,
				9F739630C960B2B9044694C9 /* VPDAccountInfo+Private.mm in Sources */,
				8F7382938AD09F77D69623D1 /* VPDTokenInfo+Private.mm in Sources */,
				FB92A6C1061F3A165ABE2C4F /* VPDTokenInfo.mm in Sources */,
				FF79FB9C5C63CE4FAFE8BCE3 /* VPDReplyResult.mm in Sources */,
				580F3B7C3CEB2831AA691C0E /* VPDVipUserClientWrap+Private.mm in Sources */,
				BAE3ADAA1987C22D33F094D1 /* VPDAccessTicket+Private.mm in Sources */,
				19F64538A51B21BF99599F15 /* vipuser.grpc.pb.cc in Sources */,
				E4114CB21C52C401DA01218C /* vipuser.pb.cc in Sources */,
			);
			runOnlyForDeploymentPostprocessing = 0;
		};
/* End PBXSourcesBuildPhase section */

/* Begin XCBuildConfiguration section */
		8058C56D1F91793F43796C9B /* Release */ = {
			isa = XCBuildConfiguration;
			buildSettings = {
				CLANG_CXX_LANGUAGE_STANDARD = "c++11";
				CLANG_CXX_LIBRARY = "libc++";
				CLANG_ENABLE_OBJC_ARC = YES;
				DEAD_CODE_STRIPPING = YES;
				EXECUTABLE_PREFIX = lib;
				GCC_PREPROCESSOR_DEFINITIONS = "NDEBUG=1";
				HEADER_SEARCH_PATHS = (
					generated/objc,
					generated/cpp,
					../client,
					"../third_party/djinni/support-lib/objc",
				);
				IPHONEOS_DEPLOYMENT_TARGET = 8.0;
				OTHER_CFLAGS = "-Wall";
				OTHER_CPLUSPLUSFLAGS = "-Wall";
				PRODUCT_NAME = vipuser_objc;
				SDKROOT = iphoneos;
				SKIP_INSTALL = YES;
				SUPPORTED_PLATFORMS = "iphonesimulator iphoneos";
			};
			name = Release;
		};
		9AE2FBAB03988720D2CC257A /* Debug */ = {
			isa = XCBuildConfiguration;
			buildSettings = {
				CLANG_CXX_LANGUAGE_STANDARD = "c++11";
				CLANG_CXX_LIBRARY = "libc++";
				CLANG_ENABLE_OBJC_ARC = YES;
				DEAD_CODE_STRIPPING = YES;
				EXECUTABLE_PREFIX = lib;
				GCC_PREPROCESSOR_DEFINITIONS = "DEBUG=1";
				HEADER_SEARCH_PATHS = (
					generated/objc,
					generated/cpp,
					../client,
					"../third_party/djinni/support-lib/objc",
				);
				IPHONEOS_DEPLOYMENT_TARGET = 8.0;
				ONLY_ACTIVE_ARCH = YES;
				OTHER_CFLAGS = "-Wall";
				OTHER_CPLUSPLUSFLAGS = "-Wall";
				PRODUCT_NAME = vipuser_objc;
				SDKROOT = iphoneos;
				SKIP_INSTALL = YES;
				SUPPORTED_PLATFORMS = "iphonesimulator iphoneos";
			};
			name = Debug;
		};
		BC944DE3DAA428EC18547A91 /* Debug */ = {
			isa = XCBuildConfiguration;
			buildSettings = {
				INTERMEDIATE_DIR = "$(PROJECT_DERIVED_FILE_DIR)/$(CONFIGURATION)";
				SHARED_INTERMEDIATE_DIR = "$(SYMROOT)/DerivedSources/$(CONFIGURATION)";
			};
			name = Debug;
		};
		D84C8ED40B42C257C44550EC /* Release */ = {
			isa = XCBuildConfiguration;
			buildSettings = {
				INTERMEDIATE_DIR = "$(PROJECT_DERIVED_FILE_DIR)/$(CONFIGURATION)";
				SHARED_INTERMEDIATE_DIR = "$(SYMROOT)/DerivedSources/$(CONFIGURATION)";
			};
			name = Release;
		};
/* End XCBuildConfiguration section */

/* Begin XCConfigurationList section */
		2491338CB92FD36E7D9F7E9A /* Build configuration list for PBXProject "vipuser" */ = {
			isa = XCConfigurationList;
			buildConfigurations = (
				BC944DE3DAA428EC18547A91 /* Debug */,
				D84C8ED40B42C257C44550EC /* Release */,
			);
			defaultConfigurationIsVisible = 1;
			defaultConfigurationName = Debug;
		};
		AE4582A18917F4C735C0C4F2 /* Build configuration list for PBXNativeTarget "libvipuser_objc" */ = {
			isa = XCConfigurationList;
			buildConfigurations = (
				9AE2FBAB03988720D2CC257A /* Debug */,
				8058C56D1F91793F43796C9B /* Release */,
			);
			defaultConfigurationIsVisible = 1;
			defaultConfigurationName = Debug;
		};
/* End XCConfigurationList section */
	};
	rootObject = 52A7592662999F325591C25A /* Project object */;
}
